
Microsoft Visual Studio Solution File, Format Version 12.00
# Visual Studio Version 16
VisualStudioVersion = 16.0.31112.23
MinimumVisualStudioVersion = 10.0.40219.1
Project("{FAE04EC0-301F-11D3-BF4B-00C04F79EFBC}") = "bikes-bg", "bikes-bg\bikes-bg.csproj", "{FB551355-7C66-4723-B05E-514A7AF9644F}"
EndProject
Global
	GlobalSection(SolutionConfigurationPlatforms) = preSolution
		Debug|Any CPU = Debug|Any CPU
		Release|Any CPU = Release|Any CPU
	EndGlobalSection
	GlobalSection(ProjectConfigurationPlatforms) = postSolution
		{FB551355-7C66-4723-B05E-514A7AF9644F}.Debug|Any CPU.ActiveCfg = Debug|Any CPU
		{FB551355-7C66-4723-B05E-514A7AF9644F}.Debug|Any CPU.Build.0 = Debug|Any CPU
		{FB551355-7C66-4723-B05E-514A7AF9644F}.Release|Any CPU.ActiveCfg = Release|Any CPU
		{FB551355-7C66-4723-B05E-514A7AF9644F}.Release|Any CPU.Build.0 = Release|Any CPU
	EndGlobalSection
	GlobalSection(SolutionProperties) = preSolution
		HideSolutionNode = FALSE
	EndGlobalSection
	GlobalSection(ExtensibilityGlobals) = postSolution
		SolutionGuid = {7700DDC0-A015-47CC-B063-6940333E995C}
	EndGlobalSection
EndGlobal
